%{
  "castore": {:hex, :castore, "1.0.10", "43bbeeac820f16c89f79721af6d3c5f4f0c5e4c7c65c5b38e4f6c3e9e98cdc8", [:mix], [], "hexpm", "1b796b8e3b5f9b3e7fced14ddc4f694c68c9e44dd6b59a6e679cd27b25d63c00"},
  "decorator": {:hex, :decorator, "1.4.0", "a57ac32c823ea7e4e67f5af56412d12b33274661bb7640ec7fc882f8d23ac419", [:mix], [], "hexpm", "0a07cedd9083da875c7418dea95b78361197cf2bf3211d743f6f7ce39656597f"},
  "earmark_parser": {:hex, :earmark_parser, "1.4.43", "35e0a4f5c96c5a4cbac0c91c1f3b3c4c4c3e6e87afbad6fa9f53d92a5c0d3cf3", [:mix], [], "hexpm", "ed05e3af71e0ab46d57e98feba6e9148e8f93c2e6b2d804c5fc33c4e3a97cc02"},
  "ex_doc": {:hex, :ex_doc, "0.34.2", "13eefd4dbab88d60fce1bff31e6dc08ded66742c2f63e2e5e5cfc36b4a9de7b4", [:mix], [{:earmark_parser, "~> 1.4.39", [hex: :earmark_parser, repo: "hexpm", optional: false]}, {:makeup_c, ">= 0.1.1", [hex: :makeup_c, repo: "hexpm", optional: true]}, {:makeup_elixir, "~> 0.14 or ~> 1.0", [hex: :makeup_elixir, repo: "hexpm", optional: false]}, {:makeup_erlang, "~> 0.1 or ~> 1.0", [hex: :makeup_erlang, repo: "hexpm", optional: false]}, {:makeup_html, ">= 0.1.0", [hex: :makeup_html, repo: "hexpm", optional: true]}], "hexpm", "5ce20aa921b58cbfadc3e3af30bab0c34a2e2bbfa580cdf1b9cd4c88d1a5e5b1"},
  "finch": {:hex, :finch, "0.19.0", "c7e5e82b64e77c4b5b28e2b6e91e65a52d06f5e7e4e3a8fce8e3c7c5e6c6c5a5", [:mix], [{:castore, "~> 0.1 or ~> 1.0", [hex: :castore, repo: "hexpm", optional: false]}, {:mime, "~> 1.0 or ~> 2.0", [hex: :mime, repo: "hexpm", optional: false]}, {:mint, "~> 1.3", [hex: :mint, repo: "hexpm", optional: false]}, {:nimble_options, "~> 0.4 or ~> 1.0", [hex: :nimble_options, repo: "hexpm", optional: false]}, {:nimble_pool, "~> 0.2.6 or ~> 1.0", [hex: :nimble_pool, repo: "hexpm", optional: false]}, {:telemetry, "~> 0.4 or ~> 1.0", [hex: :telemetry, repo: "hexpm", optional: false]}], "hexpm", "fc5e816ce8e62c6d9b7b6c6c9dec7841c84c5e5af0985e6a5de03cc78e5b72e0"},
  "jason": {:hex, :jason, "1.4.4", "b9226785a9aa77b6857ca22832cffa5d5011a667207eb2a0ad56adb5db443b8a", [:mix], [{:decimal, "~> 1.0 or ~> 2.0", [hex: :decimal, repo: "hexpm", optional: true]}], "hexpm", "c5eb0cab91f094599f94d55bc63409236a8ec69a21a67814529e8d5f6cc90b3b"},
  "makeup": {:hex, :makeup, "1.2.1", "e90ac1d886e1b6a81f4db32f5da91ba8ef3dd247db48d2d8e31e43cc86e18db4", [:mix], [{:nimble_parsec, "~> 1.4", [hex: :nimble_parsec, repo: "hexpm", optional: false]}], "hexpm", "d36484867b0bae0fea568d10131197a4c2e47056a6fbe84922bf6ba71c8d17ce"},
  "makeup_elixir": {:hex, :makeup_elixir, "0.16.2", "627e84b8e8bf22e60a2579dad15067c755531fea049ae26ef1020cad58fe9578", [:mix], [{:makeup, "~> 1.0", [hex: :makeup, repo: "hexpm", optional: false]}, {:nimble_parsec, "~> 1.2.3 or ~> 1.3", [hex: :nimble_parsec, repo: "hexpm", optional: false]}], "hexpm", "41193978704763f6bbe6cc2758b84909e62984c7752b3784bd3c64fef49d1036"},
  "makeup_erlang": {:hex, :makeup_erlang, "1.0.1", "c7f58c120b2b5aa5fd80d540a89fdf866ed42f1f3994e4fe189abebeab610839", [:mix], [{:makeup, "~> 1.0", [hex: :makeup, repo: "hexpm", optional: false]}], "hexpm", "8a89a1eeccc2d798d6ea15496a6e4870b75e014d1232ad9a1889f02823d8c6c3"},
  "meck": {:hex, :meck, "0.9.2", "85ccbab053f1db86c7ca240e9fc718170ee5bda03810a6292b5306bf31bae5f5", [:rebar3], [], "hexpm", "81344f561357dc40a8344afa53767c32669153355b626ea9fcbc8da6b3045826"},
  "mime": {:hex, :mime, "2.0.6", "8f1810e6e58306b13ba5b4d2d2e77d268e3f406d9e7cd0c60ae45db7cf9cf65a", [:mix], [], "hexpm", "c9945363a6b26d747389aac3643f8e0e09d30499a138ad64fe8fd1d13d9b153f"},
  "mint": {:hex, :mint, "1.7.1", "6b2f7773e4958e73a0b5a2834cca9093b1bcdfbb2a23b40a56d72b48f2fb7893", [:mix], [{:castore, "~> 0.1.0 or ~> 1.0", [hex: :castore, repo: "hexpm", optional: true]}, {:hpax, "~> 0.1.1 or ~> 0.2 or ~> 1.0", [hex: :hpax, repo: "hexpm", optional: false]}], "hexpm", "5b43b2e42e9b7fd1e5e5af8d30d33c7a4b3c9d6e7f5b6e20f3a63cafd5eb8da"},
  "mock": {:hex, :mock, "0.3.8", "7046a306b71db2488ef54395eeb74df0a7f335a7598258b3bc48b30d0570d724", [:mix], [{:meck, "~> 0.9.2", [hex: :meck, repo: "hexpm", optional: false]}], "hexpm", "7fa82364a10cfd79cf4530ff7e45f116b16b1beb60e9e5d8c9498cf7dc6d5cdb"},
  "nimble_options": {:hex, :nimble_options, "1.1.1", "e3a492d54d85fc3fd7c5baf411d9d5852922f66e69476317787a7b2bb000a61b", [:mix], [], "hexpm", "821b2470ca9442c4b6984882fe9bb0389371b8ddec4d45a9504f00a66f650b44"},
  "nimble_parsec": {:hex, :nimble_parsec, "1.4.2", "8c7fef742efa6e13d7e7bc01ab25fb0bc05c5dd1aa2f5c14f6a6c4c5cec5d3e2", [:mix], [], "hexpm", "4b21398942dda052b403bbe1da991ccd03a053520b9d18c917e12593093be5dc"},
  "nimble_pool": {:hex, :nimble_pool, "1.1.0", "bf9c29fbdcba3564a8b800d1eeb5a3c58f36e1e11d7b7fb2e084a643f645f06b", [:mix], [], "hexpm", "af2e4e6b34197db81f7aad230b1b7191a3603ad3a17fa9dbc4869d7e4c2fac0c"},
  "plug": {:hex, :plug, "1.16.1", "d05406a9c9f452b44230e32f0af7c29bc74eb0b0e7d3b62a321bc9a14e7da19e", [:mix], [{:mime, "~> 1.0 or ~> 2.0", [hex: :mime, repo: "hexpm", optional: false]}, {:plug_crypto, "~> 1.1.1 or ~> 1.2 or ~> 2.0", [hex: :plug_crypto, repo: "hexpm", optional: false]}, {:telemetry, "~> 0.4.3 or ~> 1.0", [hex: :telemetry, repo: "hexpm", optional: false]}], "hexpm", "d57e799a777bc20494b784966dc5fbda91eb4a09f571f76545b72a634ce0d30b"},
  "plug_crypto": {:hex, :plug_crypto, "2.1.0", "f44309c2b06d249c27c8d3e7eca1e2ac1d1f4c8e3e4b8f2a9d4e1b26a7f5c62", [:mix], [], "hexpm", "02aff2d8c3cef9f9f8b66e5daa5ac8bf00e4eed7ea54cc84cc5d77a6af3c0f8f"},
  "telemetry": {:hex, :telemetry, "1.3.0", "746250a9f8a8a6a6b7bd8bcd81af79c4d3e8e1e7e7f8a4be93e8a58fc8e6e2a5", [:rebar3], [], "hexpm", "55f9f91b54e26f4f50b6f5db0f6c5b7cef67600aa76f82f3af3ab79fa6a75e8d"},
  "tesla": {:hex, :tesla, "1.9.0", "a3f5d785d06e35fc7a2cce7cde57e99e97f5f51ac7a4ccb4d3484f3b6d3fab82", [:mix], [{:castore, "~> 0.1 or ~> 1.0", [hex: :castore, repo: "hexpm", optional: true]}, {:finch, "~> 0.13", [hex: :finch, repo: "hexpm", optional: true]}, {:fuse, "~> 2.4", [hex: :fuse, repo: "hexpm", optional: true]}, {:gun, ">= 1.3.0", [hex: :gun, repo: "hexpm", optional: true]}, {:hackney, "~> 1.6", [hex: :hackney, repo: "hexpm", optional: true]}, {:jason, ">= 1.0.0", [hex: :jason, repo: "hexpm", optional: true]}, {:mime, "~> 1.0 or ~> 2.0", [hex: :mime, repo: "hexpm", optional: false]}, {:mint, "~> 1.0", [hex: :mint, repo: "hexpm", optional: true]}, {:multipart, "~> 0.4", [hex: :multipart, repo: "hexpm", optional: true]}, {:telemetry, "~> 0.4 or ~> 1.0", [hex: :telemetry, repo: "hexpm", optional: true]}], "hexpm", "bc3a50b7e97a5d8f3ca8b0e4e0b3e94e7e33e0b7c6b85e4c3de7e7e8b4c7c9a7"},
}
